
Microsoft Visual Studio Solution File, Format Version 12.00
# Visual Studio Version 16
VisualStudioVersion = 16.0.28527.54
MinimumVisualStudioVersion = 10.0.40219.1
Project("{9A19103F-16F7-4668-BE54-9A1E7A4F7556}") = "CodeCave.Threejs.Revit.Exporter.Addin", "src\Addin\CodeCave.Threejs.Revit.Exporter.Addin.csproj", "{1780B2E1-2219-435D-9694-D1A3A2B8B86A}"
EndProject
Project("{2150E333-8FDC-42A3-9474-1A3956D46DE8}") = "Solution Items", "Solution Items", "{5896B7AE-29C3-4BC8-A40F-88C3F1DF4E4A}"
	ProjectSection(SolutionItems) = preProject
		.editorconfig = .editorconfig
		.gitignore = .gitignore
		azure-pipelines.yml = azure-pipelines.yml
		CodeAnalysis.ruleset = CodeAnalysis.ruleset
		Directory.Build.props = Directory.Build.props
		Directory.Build.targets = Directory.Build.targets
		LICENSE = LICENSE
		NuGet.config = NuGet.config
		README.md = README.md
		stylecop.json = stylecop.json
	EndProjectSection
EndProject
Project("{9A19103F-16F7-4668-BE54-9A1E7A4F7556}") = "CodeCave.Threejs.Revit.Exporter", "src\Exporter\CodeCave.Threejs.Revit.Exporter.csproj", "{965B4C84-EFF9-4CBC-8904-A3AF813E404D}"
EndProject
Project("{9A19103F-16F7-4668-BE54-9A1E7A4F7556}") = "CodeCave.Threejs.Entities", "..\threejs-entities\src\CodeCave.Threejs.Entities.csproj", "{7B53EF58-7AFE-4BDE-82A5-894F16252B1F}"
EndProject
Global
	GlobalSection(SolutionConfigurationPlatforms) = preSolution
		Debug|Any CPU = Debug|Any CPU
		Release|Any CPU = Release|Any CPU
	EndGlobalSection
	GlobalSection(ProjectConfigurationPlatforms) = postSolution
		{1780B2E1-2219-435D-9694-D1A3A2B8B86A}.Debug|Any CPU.ActiveCfg = Debug|Any CPU
		{1780B2E1-2219-435D-9694-D1A3A2B8B86A}.Debug|Any CPU.Build.0 = Debug|Any CPU
		{1780B2E1-2219-435D-9694-D1A3A2B8B86A}.Release|Any CPU.ActiveCfg = Release|Any CPU
		{1780B2E1-2219-435D-9694-D1A3A2B8B86A}.Release|Any CPU.Build.0 = Release|Any CPU
		{965B4C84-EFF9-4CBC-8904-A3AF813E404D}.Debug|Any CPU.ActiveCfg = Debug|Any CPU
		{965B4C84-EFF9-4CBC-8904-A3AF813E404D}.Debug|Any CPU.Build.0 = Debug|Any CPU
		{965B4C84-EFF9-4CBC-8904-A3AF813E404D}.Release|Any CPU.ActiveCfg = Release|Any CPU
		{965B4C84-EFF9-4CBC-8904-A3AF813E404D}.Release|Any CPU.Build.0 = Release|Any CPU
		{7B53EF58-7AFE-4BDE-82A5-894F16252B1F}.Debug|Any CPU.ActiveCfg = Debug|Any CPU
		{7B53EF58-7AFE-4BDE-82A5-894F16252B1F}.Debug|Any CPU.Build.0 = Debug|Any CPU
		{7B53EF58-7AFE-4BDE-82A5-894F16252B1F}.Release|Any CPU.ActiveCfg = Release|Any CPU
		{7B53EF58-7AFE-4BDE-82A5-894F16252B1F}.Release|Any CPU.Build.0 = Release|Any CPU
	EndGlobalSection
	GlobalSection(SolutionProperties) = preSolution
		HideSolutionNode = FALSE
	EndGlobalSection
	GlobalSection(ExtensibilityGlobals) = postSolution
		SolutionGuid = {CE1170A0-1D6C-456B-9F73-3DC3BEE04E02}
	EndGlobalSection
EndGlobal
